
Microsoft Visual Studio Solution File, Format Version 12.00
# Visual Studio Version 17
VisualStudioVersion = 17.8.34511.84
MinimumVisualStudioVersion = 10.0.40219.1
Project("{2150E333-8FDC-42A3-9474-1A3956D46DE8}") = "Project", "Project", "{9D148E36-9EE2-4B03-AC0D-0976E36A4500}"
EndProject
Project("{2150E333-8FDC-42A3-9474-1A3956D46DE8}") = "Services", "Services", "{57F8D111-92EE-436D-AD50-2F1C62E7D9BA}"
EndProject
Project("{2150E333-8FDC-42A3-9474-1A3956D46DE8}") = "Infrastructure", "Infrastructure", "{11399D2B-0E36-4975-B036-16A668DB6CA0}"
EndProject
Project("{2150E333-8FDC-42A3-9474-1A3956D46DE8}") = "Identity", "Identity", "{759761F8-3819-426E-B166-D55BEBCF7108}"
EndProject
Project("{9A19103F-16F7-4668-BE54-9A1E7A4F7556}") = "Identity.Api", "Project\Services\Identity\Identity.Api\Identity.Api.csproj", "{95E06CBD-A834-4E38-8262-FF72E29846C7}"
EndProject
Project("{E53339B2-1760-4266-BCC7-CA923CBCF16C}") = "docker-compose", "docker-compose.dcproj", "{B3CABD0A-F0EC-4166-9C16-CD89A2DA23E4}"
EndProject
Global
	GlobalSection(SolutionConfigurationPlatforms) = preSolution
		Debug|Any CPU = Debug|Any CPU
		Release|Any CPU = Release|Any CPU
	EndGlobalSection
	GlobalSection(ProjectConfigurationPlatforms) = postSolution
		{95E06CBD-A834-4E38-8262-FF72E29846C7}.Debug|Any CPU.ActiveCfg = Debug|Any CPU
		{95E06CBD-A834-4E38-8262-FF72E29846C7}.Debug|Any CPU.Build.0 = Debug|Any CPU
		{95E06CBD-A834-4E38-8262-FF72E29846C7}.Release|Any CPU.ActiveCfg = Release|Any CPU
		{95E06CBD-A834-4E38-8262-FF72E29846C7}.Release|Any CPU.Build.0 = Release|Any CPU
		{B3CABD0A-F0EC-4166-9C16-CD89A2DA23E4}.Debug|Any CPU.ActiveCfg = Debug|Any CPU
		{B3CABD0A-F0EC-4166-9C16-CD89A2DA23E4}.Debug|Any CPU.Build.0 = Debug|Any CPU
		{B3CABD0A-F0EC-4166-9C16-CD89A2DA23E4}.Release|Any CPU.ActiveCfg = Release|Any CPU
		{B3CABD0A-F0EC-4166-9C16-CD89A2DA23E4}.Release|Any CPU.Build.0 = Release|Any CPU
	EndGlobalSection
	GlobalSection(SolutionProperties) = preSolution
		HideSolutionNode = FALSE
	EndGlobalSection
	GlobalSection(NestedProjects) = preSolution
		{57F8D111-92EE-436D-AD50-2F1C62E7D9BA} = {9D148E36-9EE2-4B03-AC0D-0976E36A4500}
		{759761F8-3819-426E-B166-D55BEBCF7108} = {57F8D111-92EE-436D-AD50-2F1C62E7D9BA}
		{95E06CBD-A834-4E38-8262-FF72E29846C7} = {759761F8-3819-426E-B166-D55BEBCF7108}
	EndGlobalSection
	GlobalSection(ExtensibilityGlobals) = postSolution
		SolutionGuid = {50EDFA74-BBB9-42AF-9D91-AD3030F8448B}
	EndGlobalSection
EndGlobal
